
Microsoft Visual Studio Solution File, Format Version 12.00
# Visual Studio 15
VisualStudioVersion = 15.0.28307.168
MinimumVisualStudioVersion = 10.0.40219.1
Project("{FAE04EC0-301F-11D3-BF4B-00C04F79EFBC}") = "Vidly", "Vidly\Vidly.csproj", "{B4B923F2-1254-46DB-8D04-EB12EE9E1672}"
EndProject
Global
	GlobalSection(SolutionConfigurationPlatforms) = preSolution
		Debug|Any CPU = Debug|Any CPU
		Release|Any CPU = Release|Any CPU
	EndGlobalSection
	GlobalSection(ProjectConfigurationPlatforms) = postSolution
		{B4B923F2-1254-46DB-8D04-EB12EE9E1672}.Debug|Any CPU.ActiveCfg = Debug|Any CPU
		{B4B923F2-1254-46DB-8D04-EB12EE9E1672}.Debug|Any CPU.Build.0 = Debug|Any CPU
		{B4B923F2-1254-46DB-8D04-EB12EE9E1672}.Release|Any CPU.ActiveCfg = Release|Any CPU
		{B4B923F2-1254-46DB-8D04-EB12EE9E1672}.Release|Any CPU.Build.0 = Release|Any CPU
	EndGlobalSection
	GlobalSection(SolutionProperties) = preSolution
		HideSolutionNode = FALSE
	EndGlobalSection
	GlobalSection(ExtensibilityGlobals) = postSolution
		SolutionGuid = {3F706CD3-1E7C-44AC-833D-CA66624A569B}
	EndGlobalSection
EndGlobal
